
Microsoft Visual Studio Solution File, Format Version 12.00
# Visual Studio Version 17
VisualStudioVersion = 17.11.35312.102
MinimumVisualStudioVersion = 10.0.40219.1
Project("{FAE04EC0-301F-11D3-BF4B-00C04F79EFBC}") = "ehr-csharp", "ehr-csharp.csproj", "{EE5A1F96-B879-4105-83F2-C884147EA76C}"
EndProject
Global
	GlobalSection(SolutionConfigurationPlatforms) = preSolution
		Debug|Any CPU = Debug|Any CPU
		Release|Any CPU = Release|Any CPU
	EndGlobalSection
	GlobalSection(ProjectConfigurationPlatforms) = postSolution
		{EE5A1F96-B879-4105-83F2-C884147EA76C}.Debug|Any CPU.ActiveCfg = Debug|Any CPU
		{EE5A1F96-B879-4105-83F2-C884147EA76C}.Debug|Any CPU.Build.0 = Debug|Any CPU
		{EE5A1F96-B879-4105-83F2-C884147EA76C}.Release|Any CPU.ActiveCfg = Release|Any CPU
		{EE5A1F96-B879-4105-83F2-C884147EA76C}.Release|Any CPU.Build.0 = Release|Any CPU
	EndGlobalSection
	GlobalSection(SolutionProperties) = preSolution
		HideSolutionNode = FALSE
	EndGlobalSection
	GlobalSection(ExtensibilityGlobals) = postSolution
		SolutionGuid = {7FA82E94-17E0-488F-BC8D-F6672ACEC84D}
	EndGlobalSection
EndGlobal
